
Microsoft Visual Studio Solution File, Format Version 12.00
# Visual Studio Version 16
VisualStudioVersion = 16.0.30517.126
MinimumVisualStudioVersion = 10.0.40219.1
Project("{FAE04EC0-301F-11D3-BF4B-00C04F79EFBC}") = "OOPCar", "OOPCar\OOPCar.csproj", "{46F75FA2-A7A9-4E46-86BD-B46CF1824076}"
EndProject
Project("{FAE04EC0-301F-11D3-BF4B-00C04F79EFBC}") = "MoviesFromFile", "MoviesFromFile\MoviesFromFile.csproj", "{16D9C610-15AE-4428-AE12-591190F329AA}"
EndProject
Global
	GlobalSection(SolutionConfigurationPlatforms) = preSolution
		Debug|Any CPU = Debug|Any CPU
		Release|Any CPU = Release|Any CPU
	EndGlobalSection
	GlobalSection(ProjectConfigurationPlatforms) = postSolution
		{46F75FA2-A7A9-4E46-86BD-B46CF1824076}.Debug|Any CPU.ActiveCfg = Debug|Any CPU
		{46F75FA2-A7A9-4E46-86BD-B46CF1824076}.Debug|Any CPU.Build.0 = Debug|Any CPU
		{46F75FA2-A7A9-4E46-86BD-B46CF1824076}.Release|Any CPU.ActiveCfg = Release|Any CPU
		{46F75FA2-A7A9-4E46-86BD-B46CF1824076}.Release|Any CPU.Build.0 = Release|Any CPU
		{16D9C610-15AE-4428-AE12-591190F329AA}.Debug|Any CPU.ActiveCfg = Debug|Any CPU
		{16D9C610-15AE-4428-AE12-591190F329AA}.Debug|Any CPU.Build.0 = Debug|Any CPU
		{16D9C610-15AE-4428-AE12-591190F329AA}.Release|Any CPU.ActiveCfg = Release|Any CPU
		{16D9C610-15AE-4428-AE12-591190F329AA}.Release|Any CPU.Build.0 = Release|Any CPU
	EndGlobalSection
	GlobalSection(SolutionProperties) = preSolution
		HideSolutionNode = FALSE
	EndGlobalSection
	GlobalSection(ExtensibilityGlobals) = postSolution
		SolutionGuid = {BCA1BAE4-E072-4BCC-976D-5833F75D82F3}
	EndGlobalSection
EndGlobal
